
Microsoft Visual Studio Solution File, Format Version 12.00
# Visual Studio 14
VisualStudioVersion = 14.0.25123.0
MinimumVisualStudioVersion = 10.0.40219.1
Project("{FAE04EC0-301F-11D3-BF4B-00C04F79EFBC}") = "Shapes", "Shapes\Shapes.csproj", "{F8466B3D-29F8-4827-A4E0-FC54C0F27863}"
EndProject
Project("{FAE04EC0-301F-11D3-BF4B-00C04F79EFBC}") = "Bank Accounts", "Bank Accounts\Bank Accounts.csproj", "{80A7DB6F-745A-4D98-B006-E5FFE3DFBF86}"
EndProject
Project("{FAE04EC0-301F-11D3-BF4B-00C04F79EFBC}") = "Range Exceptions", "Range Exceptions\Range Exceptions.csproj", "{CAB70D16-C4CD-49ED-A72C-BC685558ABF4}"
EndProject
Global
	GlobalSection(SolutionConfigurationPlatforms) = preSolution
		Debug|Any CPU = Debug|Any CPU
		Release|Any CPU = Release|Any CPU
	EndGlobalSection
	GlobalSection(ProjectConfigurationPlatforms) = postSolution
		{F8466B3D-29F8-4827-A4E0-FC54C0F27863}.Debug|Any CPU.ActiveCfg = Debug|Any CPU
		{F8466B3D-29F8-4827-A4E0-FC54C0F27863}.Debug|Any CPU.Build.0 = Debug|Any CPU
		{F8466B3D-29F8-4827-A4E0-FC54C0F27863}.Release|Any CPU.ActiveCfg = Release|Any CPU
		{F8466B3D-29F8-4827-A4E0-FC54C0F27863}.Release|Any CPU.Build.0 = Release|Any CPU
		{80A7DB6F-745A-4D98-B006-E5FFE3DFBF86}.Debug|Any CPU.ActiveCfg = Debug|Any CPU
		{80A7DB6F-745A-4D98-B006-E5FFE3DFBF86}.Debug|Any CPU.Build.0 = Debug|Any CPU
		{80A7DB6F-745A-4D98-B006-E5FFE3DFBF86}.Release|Any CPU.ActiveCfg = Release|Any CPU
		{80A7DB6F-745A-4D98-B006-E5FFE3DFBF86}.Release|Any CPU.Build.0 = Release|Any CPU
		{CAB70D16-C4CD-49ED-A72C-BC685558ABF4}.Debug|Any CPU.ActiveCfg = Debug|Any CPU
		{CAB70D16-C4CD-49ED-A72C-BC685558ABF4}.Debug|Any CPU.Build.0 = Debug|Any CPU
		{CAB70D16-C4CD-49ED-A72C-BC685558ABF4}.Release|Any CPU.ActiveCfg = Release|Any CPU
		{CAB70D16-C4CD-49ED-A72C-BC685558ABF4}.Release|Any CPU.Build.0 = Release|Any CPU
	EndGlobalSection
	GlobalSection(SolutionProperties) = preSolution
		HideSolutionNode = FALSE
	EndGlobalSection
EndGlobal
