
Microsoft Visual Studio Solution File, Format Version 12.00
# Visual Studio 14
VisualStudioVersion = 14.0.25420.1
MinimumVisualStudioVersion = 10.0.40219.1
Project("{FAE04EC0-301F-11D3-BF4B-00C04F79EFBC}") = "Events", "Formating\Events.csproj", "{61D74D3B-F4A7-4FE8-A10A-314035CA75EA}"
EndProject
Project("{FAE04EC0-301F-11D3-BF4B-00C04F79EFBC}") = "Bunnies", "Bunnies\Bunnies.csproj", "{07E25D05-136B-4C38-939F-8A261436FDE8}"
EndProject
Project("{262852C6-CD72-467D-83FE-5EEB1973A190}") = "JavaSctiptCode", "JavaSctiptCode\JavaSctiptCode.jsproj", "{58B62D56-3699-4906-8549-070A369CC778}"
EndProject
Global
	GlobalSection(SolutionConfigurationPlatforms) = preSolution
		Debug|Android = Debug|Android
		Debug|Any CPU = Debug|Any CPU
		Debug|iOS = Debug|iOS
		Debug|Windows Phone (Universal) = Debug|Windows Phone (Universal)
		Debug|Windows Phone 8 = Debug|Windows Phone 8
		Debug|Windows-AnyCPU = Debug|Windows-AnyCPU
		Debug|Windows-ARM = Debug|Windows-ARM
		Debug|Windows-x64 = Debug|Windows-x64
		Debug|Windows-x86 = Debug|Windows-x86
		Release|Android = Release|Android
		Release|Any CPU = Release|Any CPU
		Release|iOS = Release|iOS
		Release|Windows Phone (Universal) = Release|Windows Phone (Universal)
		Release|Windows Phone 8 = Release|Windows Phone 8
		Release|Windows-AnyCPU = Release|Windows-AnyCPU
		Release|Windows-ARM = Release|Windows-ARM
		Release|Windows-x64 = Release|Windows-x64
		Release|Windows-x86 = Release|Windows-x86
	EndGlobalSection
	GlobalSection(ProjectConfigurationPlatforms) = postSolution
		{61D74D3B-F4A7-4FE8-A10A-314035CA75EA}.Debug|Android.ActiveCfg = Debug|Any CPU
		{61D74D3B-F4A7-4FE8-A10A-314035CA75EA}.Debug|Android.Build.0 = Debug|Any CPU
		{61D74D3B-F4A7-4FE8-A10A-314035CA75EA}.Debug|Any CPU.ActiveCfg = Debug|Any CPU
		{61D74D3B-F4A7-4FE8-A10A-314035CA75EA}.Debug|Any CPU.Build.0 = Debug|Any CPU
		{61D74D3B-F4A7-4FE8-A10A-314035CA75EA}.Debug|iOS.ActiveCfg = Debug|Any CPU
		{61D74D3B-F4A7-4FE8-A10A-314035CA75EA}.Debug|iOS.Build.0 = Debug|Any CPU
		{61D74D3B-F4A7-4FE8-A10A-314035CA75EA}.Debug|Windows Phone (Universal).ActiveCfg = Debug|Any CPU
		{61D74D3B-F4A7-4FE8-A10A-314035CA75EA}.Debug|Windows Phone (Universal).Build.0 = Debug|Any CPU
		{61D74D3B-F4A7-4FE8-A10A-314035CA75EA}.Debug|Windows Phone 8.ActiveCfg = Debug|Any CPU
		{61D74D3B-F4A7-4FE8-A10A-314035CA75EA}.Debug|Windows Phone 8.Build.0 = Debug|Any CPU
		{61D74D3B-F4A7-4FE8-A10A-314035CA75EA}.Debug|Windows-AnyCPU.ActiveCfg = Debug|Any CPU
		{61D74D3B-F4A7-4FE8-A10A-314035CA75EA}.Debug|Windows-AnyCPU.Build.0 = Debug|Any CPU
		{61D74D3B-F4A7-4FE8-A10A-314035CA75EA}.Debug|Windows-ARM.ActiveCfg = Debug|Any CPU
		{61D74D3B-F4A7-4FE8-A10A-314035CA75EA}.Debug|Windows-ARM.Build.0 = Debug|Any CPU
		{61D74D3B-F4A7-4FE8-A10A-314035CA75EA}.Debug|Windows-x64.ActiveCfg = Debug|Any CPU
		{61D74D3B-F4A7-4FE8-A10A-314035CA75EA}.Debug|Windows-x64.Build.0 = Debug|Any CPU
		{61D74D3B-F4A7-4FE8-A10A-314035CA75EA}.Debug|Windows-x86.ActiveCfg = Debug|Any CPU
		{61D74D3B-F4A7-4FE8-A10A-314035CA75EA}.Debug|Windows-x86.Build.0 = Debug|Any CPU
		{61D74D3B-F4A7-4FE8-A10A-314035CA75EA}.Release|Android.ActiveCfg = Release|Any CPU
		{61D74D3B-F4A7-4FE8-A10A-314035CA75EA}.Release|Android.Build.0 = Release|Any CPU
		{61D74D3B-F4A7-4FE8-A10A-314035CA75EA}.Release|Any CPU.ActiveCfg = Release|Any CPU
		{61D74D3B-F4A7-4FE8-A10A-314035CA75EA}.Release|Any CPU.Build.0 = Release|Any CPU
		{61D74D3B-F4A7-4FE8-A10A-314035CA75EA}.Release|iOS.ActiveCfg = Release|Any CPU
		{61D74D3B-F4A7-4FE8-A10A-314035CA75EA}.Release|iOS.Build.0 = Release|Any CPU
		{61D74D3B-F4A7-4FE8-A10A-314035CA75EA}.Release|Windows Phone (Universal).ActiveCfg = Release|Any CPU
		{61D74D3B-F4A7-4FE8-A10A-314035CA75EA}.Release|Windows Phone (Universal).Build.0 = Release|Any CPU
		{61D74D3B-F4A7-4FE8-A10A-314035CA75EA}.Release|Windows Phone 8.ActiveCfg = Release|Any CPU
		{61D74D3B-F4A7-4FE8-A10A-314035CA75EA}.Release|Windows Phone 8.Build.0 = Release|Any CPU
		{61D74D3B-F4A7-4FE8-A10A-314035CA75EA}.Release|Windows-AnyCPU.ActiveCfg = Release|Any CPU
		{61D74D3B-F4A7-4FE8-A10A-314035CA75EA}.Release|Windows-AnyCPU.Build.0 = Release|Any CPU
		{61D74D3B-F4A7-4FE8-A10A-314035CA75EA}.Release|Windows-ARM.ActiveCfg = Release|Any CPU
		{61D74D3B-F4A7-4FE8-A10A-314035CA75EA}.Release|Windows-ARM.Build.0 = Release|Any CPU
		{61D74D3B-F4A7-4FE8-A10A-314035CA75EA}.Release|Windows-x64.ActiveCfg = Release|Any CPU
		{61D74D3B-F4A7-4FE8-A10A-314035CA75EA}.Release|Windows-x64.Build.0 = Release|Any CPU
		{61D74D3B-F4A7-4FE8-A10A-314035CA75EA}.Release|Windows-x86.ActiveCfg = Release|Any CPU
		{61D74D3B-F4A7-4FE8-A10A-314035CA75EA}.Release|Windows-x86.Build.0 = Release|Any CPU
		{07E25D05-136B-4C38-939F-8A261436FDE8}.Debug|Android.ActiveCfg = Debug|Any CPU
		{07E25D05-136B-4C38-939F-8A261436FDE8}.Debug|Android.Build.0 = Debug|Any CPU
		{07E25D05-136B-4C38-939F-8A261436FDE8}.Debug|Any CPU.ActiveCfg = Debug|Any CPU
		{07E25D05-136B-4C38-939F-8A261436FDE8}.Debug|Any CPU.Build.0 = Debug|Any CPU
		{07E25D05-136B-4C38-939F-8A261436FDE8}.Debug|iOS.ActiveCfg = Debug|Any CPU
		{07E25D05-136B-4C38-939F-8A261436FDE8}.Debug|iOS.Build.0 = Debug|Any CPU
		{07E25D05-136B-4C38-939F-8A261436FDE8}.Debug|Windows Phone (Universal).ActiveCfg = Debug|Any CPU
		{07E25D05-136B-4C38-939F-8A261436FDE8}.Debug|Windows Phone (Universal).Build.0 = Debug|Any CPU
		{07E25D05-136B-4C38-939F-8A261436FDE8}.Debug|Windows Phone 8.ActiveCfg = Debug|Any CPU
		{07E25D05-136B-4C38-939F-8A261436FDE8}.Debug|Windows Phone 8.Build.0 = Debug|Any CPU
		{07E25D05-136B-4C38-939F-8A261436FDE8}.Debug|Windows-AnyCPU.ActiveCfg = Debug|Any CPU
		{07E25D05-136B-4C38-939F-8A261436FDE8}.Debug|Windows-AnyCPU.Build.0 = Debug|Any CPU
		{07E25D05-136B-4C38-939F-8A261436FDE8}.Debug|Windows-ARM.ActiveCfg = Debug|Any CPU
		{07E25D05-136B-4C38-939F-8A261436FDE8}.Debug|Windows-ARM.Build.0 = Debug|Any CPU
		{07E25D05-136B-4C38-939F-8A261436FDE8}.Debug|Windows-x64.ActiveCfg = Debug|Any CPU
		{07E25D05-136B-4C38-939F-8A261436FDE8}.Debug|Windows-x64.Build.0 = Debug|Any CPU
		{07E25D05-136B-4C38-939F-8A261436FDE8}.Debug|Windows-x86.ActiveCfg = Debug|Any CPU
		{07E25D05-136B-4C38-939F-8A261436FDE8}.Debug|Windows-x86.Build.0 = Debug|Any CPU
		{07E25D05-136B-4C38-939F-8A261436FDE8}.Release|Android.ActiveCfg = Release|Any CPU
		{07E25D05-136B-4C38-939F-8A261436FDE8}.Release|Android.Build.0 = Release|Any CPU
		{07E25D05-136B-4C38-939F-8A261436FDE8}.Release|Any CPU.ActiveCfg = Release|Any CPU
		{07E25D05-136B-4C38-939F-8A261436FDE8}.Release|Any CPU.Build.0 = Release|Any CPU
		{07E25D05-136B-4C38-939F-8A261436FDE8}.Release|iOS.ActiveCfg = Release|Any CPU
		{07E25D05-136B-4C38-939F-8A261436FDE8}.Release|iOS.Build.0 = Release|Any CPU
		{07E25D05-136B-4C38-939F-8A261436FDE8}.Release|Windows Phone (Universal).ActiveCfg = Release|Any CPU
		{07E25D05-136B-4C38-939F-8A261436FDE8}.Release|Windows Phone (Universal).Build.0 = Release|Any CPU
		{07E25D05-136B-4C38-939F-8A261436FDE8}.Release|Windows Phone 8.ActiveCfg = Release|Any CPU
		{07E25D05-136B-4C38-939F-8A261436FDE8}.Release|Windows Phone 8.Build.0 = Release|Any CPU
		{07E25D05-136B-4C38-939F-8A261436FDE8}.Release|Windows-AnyCPU.ActiveCfg = Release|Any CPU
		{07E25D05-136B-4C38-939F-8A261436FDE8}.Release|Windows-AnyCPU.Build.0 = Release|Any CPU
		{07E25D05-136B-4C38-939F-8A261436FDE8}.Release|Windows-ARM.ActiveCfg = Release|Any CPU
		{07E25D05-136B-4C38-939F-8A261436FDE8}.Release|Windows-ARM.Build.0 = Release|Any CPU
		{07E25D05-136B-4C38-939F-8A261436FDE8}.Release|Windows-x64.ActiveCfg = Release|Any CPU
		{07E25D05-136B-4C38-939F-8A261436FDE8}.Release|Windows-x64.Build.0 = Release|Any CPU
		{07E25D05-136B-4C38-939F-8A261436FDE8}.Release|Windows-x86.ActiveCfg = Release|Any CPU
		{07E25D05-136B-4C38-939F-8A261436FDE8}.Release|Windows-x86.Build.0 = Release|Any CPU
		{58B62D56-3699-4906-8549-070A369CC778}.Debug|Android.ActiveCfg = Debug|Android
		{58B62D56-3699-4906-8549-070A369CC778}.Debug|Android.Build.0 = Debug|Android
		{58B62D56-3699-4906-8549-070A369CC778}.Debug|Android.Deploy.0 = Debug|Android
		{58B62D56-3699-4906-8549-070A369CC778}.Debug|Any CPU.ActiveCfg = Debug|Android
		{58B62D56-3699-4906-8549-070A369CC778}.Debug|iOS.ActiveCfg = Debug|iOS
		{58B62D56-3699-4906-8549-070A369CC778}.Debug|iOS.Build.0 = Debug|iOS
		{58B62D56-3699-4906-8549-070A369CC778}.Debug|iOS.Deploy.0 = Debug|iOS
		{58B62D56-3699-4906-8549-070A369CC778}.Debug|Windows Phone (Universal).ActiveCfg = Debug|Windows Phone (Universal)
		{58B62D56-3699-4906-8549-070A369CC778}.Debug|Windows Phone (Universal).Build.0 = Debug|Windows Phone (Universal)
		{58B62D56-3699-4906-8549-070A369CC778}.Debug|Windows Phone (Universal).Deploy.0 = Debug|Windows Phone (Universal)
		{58B62D56-3699-4906-8549-070A369CC778}.Debug|Windows Phone 8.ActiveCfg = Debug|Windows Phone 8
		{58B62D56-3699-4906-8549-070A369CC778}.Debug|Windows Phone 8.Build.0 = Debug|Windows Phone 8
		{58B62D56-3699-4906-8549-070A369CC778}.Debug|Windows Phone 8.Deploy.0 = Debug|Windows Phone 8
		{58B62D56-3699-4906-8549-070A369CC778}.Debug|Windows-AnyCPU.ActiveCfg = Debug|Windows-AnyCPU
		{58B62D56-3699-4906-8549-070A369CC778}.Debug|Windows-AnyCPU.Build.0 = Debug|Windows-AnyCPU
		{58B62D56-3699-4906-8549-070A369CC778}.Debug|Windows-AnyCPU.Deploy.0 = Debug|Windows-AnyCPU
		{58B62D56-3699-4906-8549-070A369CC778}.Debug|Windows-ARM.ActiveCfg = Debug|Windows-ARM
		{58B62D56-3699-4906-8549-070A369CC778}.Debug|Windows-ARM.Build.0 = Debug|Windows-ARM
		{58B62D56-3699-4906-8549-070A369CC778}.Debug|Windows-ARM.Deploy.0 = Debug|Windows-ARM
		{58B62D56-3699-4906-8549-070A369CC778}.Debug|Windows-x64.ActiveCfg = Debug|Windows-x64
		{58B62D56-3699-4906-8549-070A369CC778}.Debug|Windows-x64.Build.0 = Debug|Windows-x64
		{58B62D56-3699-4906-8549-070A369CC778}.Debug|Windows-x64.Deploy.0 = Debug|Windows-x64
		{58B62D56-3699-4906-8549-070A369CC778}.Debug|Windows-x86.ActiveCfg = Debug|Windows-x86
		{58B62D56-3699-4906-8549-070A369CC778}.Debug|Windows-x86.Build.0 = Debug|Windows-x86
		{58B62D56-3699-4906-8549-070A369CC778}.Debug|Windows-x86.Deploy.0 = Debug|Windows-x86
		{58B62D56-3699-4906-8549-070A369CC778}.Release|Android.ActiveCfg = Release|Android
		{58B62D56-3699-4906-8549-070A369CC778}.Release|Android.Build.0 = Release|Android
		{58B62D56-3699-4906-8549-070A369CC778}.Release|Android.Deploy.0 = Release|Android
		{58B62D56-3699-4906-8549-070A369CC778}.Release|Any CPU.ActiveCfg = Release|Android
		{58B62D56-3699-4906-8549-070A369CC778}.Release|iOS.ActiveCfg = Release|iOS
		{58B62D56-3699-4906-8549-070A369CC778}.Release|iOS.Build.0 = Release|iOS
		{58B62D56-3699-4906-8549-070A369CC778}.Release|iOS.Deploy.0 = Release|iOS
		{58B62D56-3699-4906-8549-070A369CC778}.Release|Windows Phone (Universal).ActiveCfg = Release|Windows Phone (Universal)
		{58B62D56-3699-4906-8549-070A369CC778}.Release|Windows Phone (Universal).Build.0 = Release|Windows Phone (Universal)
		{58B62D56-3699-4906-8549-070A369CC778}.Release|Windows Phone (Universal).Deploy.0 = Release|Windows Phone (Universal)
		{58B62D56-3699-4906-8549-070A369CC778}.Release|Windows Phone 8.ActiveCfg = Release|Windows Phone 8
		{58B62D56-3699-4906-8549-070A369CC778}.Release|Windows Phone 8.Build.0 = Release|Windows Phone 8
		{58B62D56-3699-4906-8549-070A369CC778}.Release|Windows Phone 8.Deploy.0 = Release|Windows Phone 8
		{58B62D56-3699-4906-8549-070A369CC778}.Release|Windows-AnyCPU.ActiveCfg = Release|Windows-AnyCPU
		{58B62D56-3699-4906-8549-070A369CC778}.Release|Windows-AnyCPU.Build.0 = Release|Windows-AnyCPU
		{58B62D56-3699-4906-8549-070A369CC778}.Release|Windows-AnyCPU.Deploy.0 = Release|Windows-AnyCPU
		{58B62D56-3699-4906-8549-070A369CC778}.Release|Windows-ARM.ActiveCfg = Release|Windows-ARM
		{58B62D56-3699-4906-8549-070A369CC778}.Release|Windows-ARM.Build.0 = Release|Windows-ARM
		{58B62D56-3699-4906-8549-070A369CC778}.Release|Windows-ARM.Deploy.0 = Release|Windows-ARM
		{58B62D56-3699-4906-8549-070A369CC778}.Release|Windows-x64.ActiveCfg = Release|Windows-x64
		{58B62D56-3699-4906-8549-070A369CC778}.Release|Windows-x64.Build.0 = Release|Windows-x64
		{58B62D56-3699-4906-8549-070A369CC778}.Release|Windows-x64.Deploy.0 = Release|Windows-x64
		{58B62D56-3699-4906-8549-070A369CC778}.Release|Windows-x86.ActiveCfg = Release|Windows-x86
		{58B62D56-3699-4906-8549-070A369CC778}.Release|Windows-x86.Build.0 = Release|Windows-x86
		{58B62D56-3699-4906-8549-070A369CC778}.Release|Windows-x86.Deploy.0 = Release|Windows-x86
	EndGlobalSection
	GlobalSection(SolutionProperties) = preSolution
		HideSolutionNode = FALSE
	EndGlobalSection
EndGlobal
