
Microsoft Visual Studio Solution File, Format Version 12.00
# Visual Studio 14
VisualStudioVersion = 14.0.25123.0
MinimumVisualStudioVersion = 10.0.40219.1
Project("{FAE04EC0-301F-11D3-BF4B-00C04F79EFBC}") = "01.Say Hello", "01.Say Hello\01.Say Hello.csproj", "{2F7FC651-0FD8-4C4C-A7AE-E7F5B695C6AA}"
EndProject
Project("{FAE04EC0-301F-11D3-BF4B-00C04F79EFBC}") = "06. First Larger than neighbours", "06. First Larger than neighbours\06. First Larger than neighbours.csproj", "{F0B98D67-6747-4204-8AC0-53FDE144E8BC}"
EndProject
Project("{FAE04EC0-301F-11D3-BF4B-00C04F79EFBC}") = "08. Sorting Array", "08. Sorting Array\08. Sorting Array.csproj", "{850B2010-BBF8-48ED-B297-143F45085712}"
EndProject
Project("{FAE04EC0-301F-11D3-BF4B-00C04F79EFBC}") = "14. Integer Calculation", "14. Integer Calculation\14. Integer Calculation.csproj", "{CCB0928B-ADEE-4574-A745-866EDDFEBAB6}"
EndProject
Global
	GlobalSection(SolutionConfigurationPlatforms) = preSolution
		Debug|Any CPU = Debug|Any CPU
		Release|Any CPU = Release|Any CPU
	EndGlobalSection
	GlobalSection(ProjectConfigurationPlatforms) = postSolution
		{2F7FC651-0FD8-4C4C-A7AE-E7F5B695C6AA}.Debug|Any CPU.ActiveCfg = Debug|Any CPU
		{2F7FC651-0FD8-4C4C-A7AE-E7F5B695C6AA}.Debug|Any CPU.Build.0 = Debug|Any CPU
		{2F7FC651-0FD8-4C4C-A7AE-E7F5B695C6AA}.Release|Any CPU.ActiveCfg = Release|Any CPU
		{2F7FC651-0FD8-4C4C-A7AE-E7F5B695C6AA}.Release|Any CPU.Build.0 = Release|Any CPU
		{F0B98D67-6747-4204-8AC0-53FDE144E8BC}.Debug|Any CPU.ActiveCfg = Debug|Any CPU
		{F0B98D67-6747-4204-8AC0-53FDE144E8BC}.Debug|Any CPU.Build.0 = Debug|Any CPU
		{F0B98D67-6747-4204-8AC0-53FDE144E8BC}.Release|Any CPU.ActiveCfg = Release|Any CPU
		{F0B98D67-6747-4204-8AC0-53FDE144E8BC}.Release|Any CPU.Build.0 = Release|Any CPU
		{850B2010-BBF8-48ED-B297-143F45085712}.Debug|Any CPU.ActiveCfg = Debug|Any CPU
		{850B2010-BBF8-48ED-B297-143F45085712}.Debug|Any CPU.Build.0 = Debug|Any CPU
		{850B2010-BBF8-48ED-B297-143F45085712}.Release|Any CPU.ActiveCfg = Release|Any CPU
		{850B2010-BBF8-48ED-B297-143F45085712}.Release|Any CPU.Build.0 = Release|Any CPU
		{CCB0928B-ADEE-4574-A745-866EDDFEBAB6}.Debug|Any CPU.ActiveCfg = Debug|Any CPU
		{CCB0928B-ADEE-4574-A745-866EDDFEBAB6}.Debug|Any CPU.Build.0 = Debug|Any CPU
		{CCB0928B-ADEE-4574-A745-866EDDFEBAB6}.Release|Any CPU.ActiveCfg = Release|Any CPU
		{CCB0928B-ADEE-4574-A745-866EDDFEBAB6}.Release|Any CPU.Build.0 = Release|Any CPU
	EndGlobalSection
	GlobalSection(SolutionProperties) = preSolution
		HideSolutionNode = FALSE
	EndGlobalSection
EndGlobal
